
Microsoft Visual Studio Solution File, Format Version 12.00
# Visual Studio Version 16
VisualStudioVersion = 16.0.32413.511
MinimumVisualStudioVersion = 10.0.40219.1
Project("{FAE04EC0-301F-11D3-BF4B-00C04F79EFBC}") = "EasyUtilsFW", "EasyUtilsFW\EasyUtilsFW.csproj", "{F2060B0D-73B0-4D28-B6C8-5B2F242CC7A7}"
EndProject
Global
	GlobalSection(SolutionConfigurationPlatforms) = preSolution
		Debug|Any CPU = Debug|Any CPU
		Release|Any CPU = Release|Any CPU
	EndGlobalSection
	GlobalSection(ProjectConfigurationPlatforms) = postSolution
		{F2060B0D-73B0-4D28-B6C8-5B2F242CC7A7}.Debug|Any CPU.ActiveCfg = Debug|Any CPU
		{F2060B0D-73B0-4D28-B6C8-5B2F242CC7A7}.Debug|Any CPU.Build.0 = Debug|Any CPU
		{F2060B0D-73B0-4D28-B6C8-5B2F242CC7A7}.Release|Any CPU.ActiveCfg = Release|Any CPU
		{F2060B0D-73B0-4D28-B6C8-5B2F242CC7A7}.Release|Any CPU.Build.0 = Release|Any CPU
	EndGlobalSection
	GlobalSection(SolutionProperties) = preSolution
		HideSolutionNode = FALSE
	EndGlobalSection
	GlobalSection(ExtensibilityGlobals) = postSolution
		SolutionGuid = {17413DA4-EA52-4731-90E2-68C422A8F6A2}
	EndGlobalSection
EndGlobal
